// !$*UTF8*$!
{
	archiveVersion = 1;
	classes = {
	};
	objectVersion = 55;
	objects = {

/* Begin PBXBuildFile section */
		0414DA5028B2B89F0045D26A /* LandmarkRow.swift in Sources */ = {isa = PBXBuildFile; fileRef = 0414DA4F28B2B89F0045D26A /* LandmarkRow.swift */; };
		0414DA5528B2BAD80045D26A /* landmarkData.json in Resources */ = {isa = PBXBuildFile; fileRef = 0414DA5428B2BAD80045D26A /* landmarkData.json */; };
		0414DA5728B2BE540045D26A /* LandmarkList.swift in Sources */ = {isa = PBXBuildFile; fileRef = 0414DA5628B2BE540045D26A /* LandmarkList.swift */; };
		0414DA5928B2C02D0045D26A /* LandmarkDetail.swift in Sources */ = {isa = PBXBuildFile; fileRef = 0414DA5828B2C02D0045D26A /* LandmarkDetail.swift */; };
		0424EF3828BDB3C700268A92 /* hikeData.json in Resources */ = {isa = PBXBuildFile; fileRef = 0424EF3728BDB3C700268A92 /* hikeData.json */; };
		0424EF3A28BDB3F600268A92 /* Hike.swift in Sources */ = {isa = PBXBuildFile; fileRef = 0424EF3928BDB3F600268A92 /* Hike.swift */; };
		0424EF4028BDB7C400268A92 /* GraphCapsule.swift in Sources */ = {isa = PBXBuildFile; fileRef = 0424EF3C28BDB7C400268A92 /* GraphCapsule.swift */; };
		0424EF4128BDB7C400268A92 /* HikeGraph.swift in Sources */ = {isa = PBXBuildFile; fileRef = 0424EF3D28BDB7C400268A92 /* HikeGraph.swift */; };
		0424EF4228BDB7C400268A92 /* HikeDetail.swift in Sources */ = {isa = PBXBuildFile; fileRef = 0424EF3E28BDB7C400268A92 /* HikeDetail.swift */; };
		0424EF4328BDB7C400268A92 /* HikeView.swift in Sources */ = {isa = PBXBuildFile; fileRef = 0424EF3F28BDB7C400268A92 /* HikeView.swift */; };
		0436C15228E7E54C0052ECF4 /* CategoryHome.swift in Sources */ = {isa = PBXBuildFile; fileRef = 0436C15128E7E54C0052ECF4 /* CategoryHome.swift */; };
		0436C15528E7EC470052ECF4 /* CategoryRow.swift in Sources */ = {isa = PBXBuildFile; fileRef = 0436C15428E7EC470052ECF4 /* CategoryRow.swift */; };
		0436C15728E7F53A0052ECF4 /* CategoryItem.swift in Sources */ = {isa = PBXBuildFile; fileRef = 0436C15628E7F53A0052ECF4 /* CategoryItem.swift */; };
		0458F56728B0937C003F732A /* LandmarksApp.swift in Sources */ = {isa = PBXBuildFile; fileRef = 0458F56628B0937C003F732A /* LandmarksApp.swift */; };
		0458F56928B0937C003F732A /* ContentView.swift in Sources */ = {isa = PBXBuildFile; fileRef = 0458F56828B0937C003F732A /* ContentView.swift */; };
		0458F56B28B0937D003F732A /* Assets.xcassets in Resources */ = {isa = PBXBuildFile; fileRef = 0458F56A28B0937D003F732A /* Assets.xcassets */; };
		0458F56E28B0937D003F732A /* Preview Assets.xcassets in Resources */ = {isa = PBXBuildFile; fileRef = 0458F56D28B0937D003F732A /* Preview Assets.xcassets */; };
		0458F57828B0937D003F732A /* LandmarksTests.swift in Sources */ = {isa = PBXBuildFile; fileRef = 0458F57728B0937D003F732A /* LandmarksTests.swift */; };
		0458F58228B0937D003F732A /* LandmarksUITests.swift in Sources */ = {isa = PBXBuildFile; fileRef = 0458F58128B0937D003F732A /* LandmarksUITests.swift */; };
		0458F58428B0937D003F732A /* LandmarksUITestsLaunchTests.swift in Sources */ = {isa = PBXBuildFile; fileRef = 0458F58328B0937D003F732A /* LandmarksUITestsLaunchTests.swift */; };
		0458F59128B09614003F732A /* CircleImage.swift in Sources */ = {isa = PBXBuildFile; fileRef = 0458F59028B09614003F732A /* CircleImage.swift */; };
		0458F59328B098D9003F732A /* MapView.swift in Sources */ = {isa = PBXBuildFile; fileRef = 0458F59228B098D9003F732A /* MapView.swift */; };
		0458F59728B0A8AB003F732A /* Landmark.swift in Sources */ = {isa = PBXBuildFile; fileRef = 0458F59628B0A8AB003F732A /* Landmark.swift */; };
		0458F59928B0AC77003F732A /* ModelData.swift in Sources */ = {isa = PBXBuildFile; fileRef = 0458F59828B0AC77003F732A /* ModelData.swift */; };
		0492F61128F0ECA800F866AF /* Profile.swift in Sources */ = {isa = PBXBuildFile; fileRef = 0492F61028F0ECA800F866AF /* Profile.swift */; };
		0492F61428F0F04100F866AF /* ProfileHost.swift in Sources */ = {isa = PBXBuildFile; fileRef = 0492F61328F0F04100F866AF /* ProfileHost.swift */; };
		0492F61628F0F3BF00F866AF /* ProfileSummary.swift in Sources */ = {isa = PBXBuildFile; fileRef = 0492F61528F0F3BF00F866AF /* ProfileSummary.swift */; };
		0492F61828F140A200F866AF /* HikeBadge.swift in Sources */ = {isa = PBXBuildFile; fileRef = 0492F61728F140A200F866AF /* HikeBadge.swift */; };
		04A6135C28BBC1C500C8A60B /* FavoriteButton.swift in Sources */ = {isa = PBXBuildFile; fileRef = 04A6135B28BBC1C500C8A60B /* FavoriteButton.swift */; };
		04A6136028BBC88300C8A60B /* HexagonParameters.swift in Sources */ = {isa = PBXBuildFile; fileRef = 04A6135F28BBC88300C8A60B /* HexagonParameters.swift */; };
		04A6136328BBCB4D00C8A60B /* BadgeBackground.swift in Sources */ = {isa = PBXBuildFile; fileRef = 04A6136228BBCB4D00C8A60B /* BadgeBackground.swift */; };
		04A6136528BC5F6200C8A60B /* BadgeSymbol.swift in Sources */ = {isa = PBXBuildFile; fileRef = 04A6136428BC5F6200C8A60B /* BadgeSymbol.swift */; };
		04A6136728BC8E2400C8A60B /* RotatedBadgeSymbol.swift in Sources */ = {isa = PBXBuildFile; fileRef = 04A6136628BC8E2400C8A60B /* RotatedBadgeSymbol.swift */; };
		04A6136928BC8F1100C8A60B /* Badge.swift in Sources */ = {isa = PBXBuildFile; fileRef = 04A6136828BC8F1100C8A60B /* Badge.swift */; };
/* End PBXBuildFile section */

/* Begin PBXContainerItemProxy section */
		0458F57428B0937D003F732A /* PBXContainerItemProxy */ = {
			isa = PBXContainerItemProxy;
			containerPortal = 0458F55B28B0937C003F732A /* Project object */;
			proxyType = 1;
			remoteGlobalIDString = 0458F56228B0937C003F732A;
			remoteInfo = Landmarks;
		};
		0458F57E28B0937D003F732A /* PBXContainerItemProxy */ = {
			isa = PBXContainerItemProxy;
			containerPortal = 0458F55B28B0937C003F732A /* Project object */;
			proxyType = 1;
			remoteGlobalIDString = 0458F56228B0937C003F732A;
			remoteInfo = Landmarks;
		};
/* End PBXContainerItemProxy section */

/* Begin PBXFileReference section */
		0414DA4F28B2B89F0045D26A /* LandmarkRow.swift */ = {isa = PBXFileReference; lastKnownFileType = sourcecode.swift; path = LandmarkRow.swift; sourceTree = "<group>"; };
		0414DA5428B2BAD80045D26A /* landmarkData.json */ = {isa = PBXFileReference; fileEncoding = 4; lastKnownFileType = text.json; name = landmarkData.json; path = "../../../../building-lists-and-navigation/Building Lists and Navigation — SwiftUI Tutorials /Resources/landmarkData.json"; sourceTree = "<group>"; };
		0414DA5628B2BE540045D26A /* LandmarkList.swift */ = {isa = PBXFileReference; lastKnownFileType = sourcecode.swift; path = LandmarkList.swift; sourceTree = "<group>"; };
		0414DA5828B2C02D0045D26A /* LandmarkDetail.swift */ = {isa = PBXFileReference; lastKnownFileType = sourcecode.swift; path = LandmarkDetail.swift; sourceTree = "<group>"; };
		0424EF3728BDB3C700268A92 /* hikeData.json */ = {isa = PBXFileReference; fileEncoding = 4; lastKnownFileType = text.json; name = hikeData.json; path = ../../../../AnimatingViewsAndTransitions/Resources/hikeData.json; sourceTree = "<group>"; };
		0424EF3928BDB3F600268A92 /* Hike.swift */ = {isa = PBXFileReference; lastKnownFileType = sourcecode.swift; path = Hike.swift; sourceTree = "<group>"; };
		0424EF3C28BDB7C400268A92 /* GraphCapsule.swift */ = {isa = PBXFileReference; fileEncoding = 4; lastKnownFileType = sourcecode.swift; path = GraphCapsule.swift; sourceTree = "<group>"; };
		0424EF3D28BDB7C400268A92 /* HikeGraph.swift */ = {isa = PBXFileReference; fileEncoding = 4; lastKnownFileType = sourcecode.swift; path = HikeGraph.swift; sourceTree = "<group>"; };
		0424EF3E28BDB7C400268A92 /* HikeDetail.swift */ = {isa = PBXFileReference; fileEncoding = 4; lastKnownFileType = sourcecode.swift; path = HikeDetail.swift; sourceTree = "<group>"; };
		0424EF3F28BDB7C400268A92 /* HikeView.swift */ = {isa = PBXFileReference; fileEncoding = 4; lastKnownFileType = sourcecode.swift; path = HikeView.swift; sourceTree = "<group>"; };
		0436C15128E7E54C0052ECF4 /* CategoryHome.swift */ = {isa = PBXFileReference; lastKnownFileType = sourcecode.swift; path = CategoryHome.swift; sourceTree = "<group>"; };
		0436C15428E7EC470052ECF4 /* CategoryRow.swift */ = {isa = PBXFileReference; lastKnownFileType = sourcecode.swift; path = CategoryRow.swift; sourceTree = "<group>"; };
		0436C15628E7F53A0052ECF4 /* CategoryItem.swift */ = {isa = PBXFileReference; lastKnownFileType = sourcecode.swift; path = CategoryItem.swift; sourceTree = "<group>"; };
		0458F56328B0937C003F732A /* Landmarks.app */ = {isa = PBXFileReference; explicitFileType = wrapper.application; includeInIndex = 0; path = Landmarks.app; sourceTree = BUILT_PRODUCTS_DIR; };
		0458F56628B0937C003F732A /* LandmarksApp.swift */ = {isa = PBXFileReference; lastKnownFileType = sourcecode.swift; path = LandmarksApp.swift; sourceTree = "<group>"; };
		0458F56828B0937C003F732A /* ContentView.swift */ = {isa = PBXFileReference; lastKnownFileType = sourcecode.swift; path = ContentView.swift; sourceTree = "<group>"; };
		0458F56A28B0937D003F732A /* Assets.xcassets */ = {isa = PBXFileReference; lastKnownFileType = folder.assetcatalog; path = Assets.xcassets; sourceTree = "<group>"; };
		0458F56D28B0937D003F732A /* Preview Assets.xcassets */ = {isa = PBXFileReference; lastKnownFileType = folder.assetcatalog; path = "Preview Assets.xcassets"; sourceTree = "<group>"; };
		0458F57328B0937D003F732A /* LandmarksTests.xctest */ = {isa = PBXFileReference; explicitFileType = wrapper.cfbundle; includeInIndex = 0; path = LandmarksTests.xctest; sourceTree = BUILT_PRODUCTS_DIR; };
		0458F57728B0937D003F732A /* LandmarksTests.swift */ = {isa = PBXFileReference; lastKnownFileType = sourcecode.swift; path = LandmarksTests.swift; sourceTree = "<group>"; };
		0458F57D28B0937D003F732A /* LandmarksUITests.xctest */ = {isa = PBXFileReference; explicitFileType = wrapper.cfbundle; includeInIndex = 0; path = LandmarksUITests.xctest; sourceTree = BUILT_PRODUCTS_DIR; };
		0458F58128B0937D003F732A /* LandmarksUITests.swift */ = {isa = PBXFileReference; lastKnownFileType = sourcecode.swift; path = LandmarksUITests.swift; sourceTree = "<group>"; };
		0458F58328B0937D003F732A /* LandmarksUITestsLaunchTests.swift */ = {isa = PBXFileReference; lastKnownFileType = sourcecode.swift; path = LandmarksUITestsLaunchTests.swift; sourceTree = "<group>"; };
		0458F59028B09614003F732A /* CircleImage.swift */ = {isa = PBXFileReference; lastKnownFileType = sourcecode.swift; path = CircleImage.swift; sourceTree = "<group>"; };
		0458F59228B098D9003F732A /* MapView.swift */ = {isa = PBXFileReference; lastKnownFileType = sourcecode.swift; path = MapView.swift; sourceTree = "<group>"; };
		0458F59628B0A8AB003F732A /* Landmark.swift */ = {isa = PBXFileReference; lastKnownFileType = sourcecode.swift; path = Landmark.swift; sourceTree = "<group>"; };
		0458F59828B0AC77003F732A /* ModelData.swift */ = {isa = PBXFileReference; lastKnownFileType = sourcecode.swift; path = ModelData.swift; sourceTree = "<group>"; };
		0492F61028F0ECA800F866AF /* Profile.swift */ = {isa = PBXFileReference; lastKnownFileType = sourcecode.swift; path = Profile.swift; sourceTree = "<group>"; };
		0492F61328F0F04100F866AF /* ProfileHost.swift */ = {isa = PBXFileReference; lastKnownFileType = sourcecode.swift; path = ProfileHost.swift; sourceTree = "<group>"; };
		0492F61528F0F3BF00F866AF /* ProfileSummary.swift */ = {isa = PBXFileReference; lastKnownFileType = sourcecode.swift; path = ProfileSummary.swift; sourceTree = "<group>"; };
		0492F61728F140A200F866AF /* HikeBadge.swift */ = {isa = PBXFileReference; lastKnownFileType = sourcecode.swift; path = HikeBadge.swift; sourceTree = "<group>"; };
		04A6135B28BBC1C500C8A60B /* FavoriteButton.swift */ = {isa = PBXFileReference; lastKnownFileType = sourcecode.swift; path = FavoriteButton.swift; sourceTree = "<group>"; };
		04A6135F28BBC88300C8A60B /* HexagonParameters.swift */ = {isa = PBXFileReference; lastKnownFileType = sourcecode.swift; path = HexagonParameters.swift; sourceTree = "<group>"; };
		04A6136228BBCB4D00C8A60B /* BadgeBackground.swift */ = {isa = PBXFileReference; lastKnownFileType = sourcecode.swift; path = BadgeBackground.swift; sourceTree = "<group>"; };
		04A6136428BC5F6200C8A60B /* BadgeSymbol.swift */ = {isa = PBXFileReference; lastKnownFileType = sourcecode.swift; path = BadgeSymbol.swift; sourceTree = "<group>"; };
		04A6136628BC8E2400C8A60B /* RotatedBadgeSymbol.swift */ = {isa = PBXFileReference; lastKnownFileType = sourcecode.swift; path = RotatedBadgeSymbol.swift; sourceTree = "<group>"; };
		04A6136828BC8F1100C8A60B /* Badge.swift */ = {isa = PBXFileReference; lastKnownFileType = sourcecode.swift; path = Badge.swift; sourceTree = "<group>"; };
/* End PBXFileReference section */

/* Begin PBXFrameworksBuildPhase section */
		0458F56028B0937C003F732A /* Frameworks */ = {
			isa = PBXFrameworksBuildPhase;
			buildActionMask = 2147483647;
			files = (
			);
			runOnlyForDeploymentPostprocessing = 0;
		};
		0458F57028B0937D003F732A /* Frameworks */ = {
			isa = PBXFrameworksBuildPhase;
			buildActionMask = 2147483647;
			files = (
			);
			runOnlyForDeploymentPostprocessing = 0;
		};
		0458F57A28B0937D003F732A /* Frameworks */ = {
			isa = PBXFrameworksBuildPhase;
			buildActionMask = 2147483647;
			files = (
			);
			runOnlyForDeploymentPostprocessing = 0;
		};
/* End PBXFrameworksBuildPhase section */

/* Begin PBXGroup section */
		0414DA4D28B2B6920045D26A /* Model */ = {
			isa = PBXGroup;
			children = (
				0458F59828B0AC77003F732A /* ModelData.swift */,
				0458F59628B0A8AB003F732A /* Landmark.swift */,
				0424EF3928BDB3F600268A92 /* Hike.swift */,
				0492F61028F0ECA800F866AF /* Profile.swift */,
			);
			path = Model;
			sourceTree = "<group>";
		};
		0414DA4E28B2B6D10045D26A /* Resources */ = {
			isa = PBXGroup;
			children = (
				0424EF3728BDB3C700268A92 /* hikeData.json */,
				0414DA5428B2BAD80045D26A /* landmarkData.json */,
			);
			path = Resources;
			sourceTree = "<group>";
		};
		0424EF3B28BDB7C400268A92 /* Hikes */ = {
			isa = PBXGroup;
			children = (
				0424EF3C28BDB7C400268A92 /* GraphCapsule.swift */,
				0424EF3D28BDB7C400268A92 /* HikeGraph.swift */,
				0424EF3E28BDB7C400268A92 /* HikeDetail.swift */,
				0424EF3F28BDB7C400268A92 /* HikeView.swift */,
				0492F61728F140A200F866AF /* HikeBadge.swift */,
			);
			name = Hikes;
			path = ../../../../AnimatingViewsAndTransitions/Resources/Hikes;
			sourceTree = "<group>";
		};
		0436C15328E7E55C0052ECF4 /* Categories */ = {
			isa = PBXGroup;
			children = (
				0436C15128E7E54C0052ECF4 /* CategoryHome.swift */,
				0436C15428E7EC470052ECF4 /* CategoryRow.swift */,
				0436C15628E7F53A0052ECF4 /* CategoryItem.swift */,
			);
			path = Categories;
			sourceTree = "<group>";
		};
		0458F55A28B0937C003F732A = {
			isa = PBXGroup;
			children = (
				0458F56528B0937C003F732A /* Landmarks */,
				0458F57628B0937D003F732A /* LandmarksTests */,
				0458F58028B0937D003F732A /* LandmarksUITests */,
				0458F56428B0937C003F732A /* Products */,
			);
			sourceTree = "<group>";
		};
		0458F56428B0937C003F732A /* Products */ = {
			isa = PBXGroup;
			children = (
				0458F56328B0937C003F732A /* Landmarks.app */,
				0458F57328B0937D003F732A /* LandmarksTests.xctest */,
				0458F57D28B0937D003F732A /* LandmarksUITests.xctest */,
			);
			name = Products;
			sourceTree = "<group>";
		};
		0458F56528B0937C003F732A /* Landmarks */ = {
			isa = PBXGroup;
			children = (
				0458F56628B0937C003F732A /* LandmarksApp.swift */,
				0414DA4E28B2B6D10045D26A /* Resources */,
				0458F59B28B2B5DA003F732A /* Views */,
				0414DA4D28B2B6920045D26A /* Model */,
				0458F56A28B0937D003F732A /* Assets.xcassets */,
				0458F56C28B0937D003F732A /* Preview Content */,
			);
			path = Landmarks;
			sourceTree = "<group>";
		};
		0458F56C28B0937D003F732A /* Preview Content */ = {
			isa = PBXGroup;
			children = (
				0458F56D28B0937D003F732A /* Preview Assets.xcassets */,
			);
			path = "Preview Content";
			sourceTree = "<group>";
		};
		0458F57628B0937D003F732A /* LandmarksTests */ = {
			isa = PBXGroup;
			children = (
				0458F57728B0937D003F732A /* LandmarksTests.swift */,
			);
			path = LandmarksTests;
			sourceTree = "<group>";
		};
		0458F58028B0937D003F732A /* LandmarksUITests */ = {
			isa = PBXGroup;
			children = (
				0458F58128B0937D003F732A /* LandmarksUITests.swift */,
				0458F58328B0937D003F732A /* LandmarksUITestsLaunchTests.swift */,
			);
			path = LandmarksUITests;
			sourceTree = "<group>";
		};
		0458F59B28B2B5DA003F732A /* Views */ = {
			isa = PBXGroup;
			children = (
				0458F56828B0937C003F732A /* ContentView.swift */,
				0492F61228F0F02600F866AF /* Profiles */,
				0424EF3B28BDB7C400268A92 /* Hikes */,
				04A6136128BBCB1E00C8A60B /* Badges */,
				04A6135E28BBC50300C8A60B /* Landmarks */,
				04A6135D28BBC4F200C8A60B /* Helpers */,
				0436C15328E7E55C0052ECF4 /* Categories */,
			);
			path = Views;
			sourceTree = "<group>";
		};
		0492F61228F0F02600F866AF /* Profiles */ = {
			isa = PBXGroup;
			children = (
				0492F61328F0F04100F866AF /* ProfileHost.swift */,
				0492F61528F0F3BF00F866AF /* ProfileSummary.swift */,
			);
			path = Profiles;
			sourceTree = "<group>";
		};
		04A6135D28BBC4F200C8A60B /* Helpers */ = {
			isa = PBXGroup;
			children = (
				0458F59028B09614003F732A /* CircleImage.swift */,
				0458F59228B098D9003F732A /* MapView.swift */,
				04A6135B28BBC1C500C8A60B /* FavoriteButton.swift */,
			);
			path = Helpers;
			sourceTree = "<group>";
		};
		04A6135E28BBC50300C8A60B /* Landmarks */ = {
			isa = PBXGroup;
			children = (
				0414DA5628B2BE540045D26A /* LandmarkList.swift */,
				0414DA5828B2C02D0045D26A /* LandmarkDetail.swift */,
				0414DA4F28B2B89F0045D26A /* LandmarkRow.swift */,
			);
			path = Landmarks;
			sourceTree = "<group>";
		};
		04A6136128BBCB1E00C8A60B /* Badges */ = {
			isa = PBXGroup;
			children = (
				04A6135F28BBC88300C8A60B /* HexagonParameters.swift */,
				04A6136228BBCB4D00C8A60B /* BadgeBackground.swift */,
				04A6136428BC5F6200C8A60B /* BadgeSymbol.swift */,
				04A6136628BC8E2400C8A60B /* RotatedBadgeSymbol.swift */,
				04A6136828BC8F1100C8A60B /* Badge.swift */,
			);
			path = Badges;
			sourceTree = "<group>";
		};
/* End PBXGroup section */

/* Begin PBXNativeTarget section */
		0458F56228B0937C003F732A /* Landmarks */ = {
			isa = PBXNativeTarget;
			buildConfigurationList = 0458F58728B0937D003F732A /* Build configuration list for PBXNativeTarget "Landmarks" */;
			buildPhases = (
				0458F55F28B0937C003F732A /* Sources */,
				0458F56028B0937C003F732A /* Frameworks */,
				0458F56128B0937C003F732A /* Resources */,
			);
			buildRules = (
			);
			dependencies = (
			);
			name = Landmarks;
			productName = Landmarks;
			productReference = 0458F56328B0937C003F732A /* Landmarks.app */;
			productType = "com.apple.product-type.application";
		};
		0458F57228B0937D003F732A /* LandmarksTests */ = {
			isa = PBXNativeTarget;
			buildConfigurationList = 0458F58A28B0937D003F732A /* Build configuration list for PBXNativeTarget "LandmarksTests" */;
			buildPhases = (
				0458F56F28B0937D003F732A /* Sources */,
				0458F57028B0937D003F732A /* Frameworks */,
				0458F57128B0937D003F732A /* Resources */,
			);
			buildRules = (
			);
			dependencies = (
				0458F57528B0937D003F732A /* PBXTargetDependency */,
			);
			name = LandmarksTests;
			productName = LandmarksTests;
			productReference = 0458F57328B0937D003F732A /* LandmarksTests.xctest */;
			productType = "com.apple.product-type.bundle.unit-test";
		};
		0458F57C28B0937D003F732A /* LandmarksUITests */ = {
			isa = PBXNativeTarget;
			buildConfigurationList = 0458F58D28B0937D003F732A /* Build configuration list for PBXNativeTarget "LandmarksUITests" */;
			buildPhases = (
				0458F57928B0937D003F732A /* Sources */,
				0458F57A28B0937D003F732A /* Frameworks */,
				0458F57B28B0937D003F732A /* Resources */,
			);
			buildRules = (
			);
			dependencies = (
				0458F57F28B0937D003F732A /* PBXTargetDependency */,
			);
			name = LandmarksUITests;
			productName = LandmarksUITests;
			productReference = 0458F57D28B0937D003F732A /* LandmarksUITests.xctest */;
			productType = "com.apple.product-type.bundle.ui-testing";
		};
/* End PBXNativeTarget section */

/* Begin PBXProject section */
		0458F55B28B0937C003F732A /* Project object */ = {
			isa = PBXProject;
			attributes = {
				BuildIndependentTargetsInParallel = 1;
				LastSwiftUpdateCheck = 1330;
				LastUpgradeCheck = 1330;
				TargetAttributes = {
					0458F56228B0937C003F732A = {
						CreatedOnToolsVersion = 13.3.1;
					};
					0458F57228B0937D003F732A = {
						CreatedOnToolsVersion = 13.3.1;
						TestTargetID = 0458F56228B0937C003F732A;
					};
					0458F57C28B0937D003F732A = {
						CreatedOnToolsVersion = 13.3.1;
						TestTargetID = 0458F56228B0937C003F732A;
					};
				};
			};
			buildConfigurationList = 0458F55E28B0937C003F732A /* Build configuration list for PBXProject "Landmarks" */;
			compatibilityVersion = "Xcode 13.0";
			developmentRegion = en;
			hasScannedForEncodings = 0;
			knownRegions = (
				en,
				Base,
			);
			mainGroup = 0458F55A28B0937C003F732A;
			productRefGroup = 0458F56428B0937C003F732A /* Products */;
			projectDirPath = "";
			projectRoot = "";
			targets = (
				0458F56228B0937C003F732A /* Landmarks */,
				0458F57228B0937D003F732A /* LandmarksTests */,
				0458F57C28B0937D003F732A /* LandmarksUITests */,
			);
		};
/* End PBXProject section */

/* Begin PBXResourcesBuildPhase section */
		0458F56128B0937C003F732A /* Resources */ = {
			isa = PBXResourcesBuildPhase;
			buildActionMask = 2147483647;
			files = (
				0424EF3828BDB3C700268A92 /* hikeData.json in Resources */,
				0458F56E28B0937D003F732A /* Preview Assets.xcassets in Resources */,
				0458F56B28B0937D003F732A /* Assets.xcassets in Resources */,
				0414DA5528B2BAD80045D26A /* landmarkData.json in Resources */,
			);
			runOnlyForDeploymentPostprocessing = 0;
		};
		0458F57128B0937D003F732A /* Resources */ = {
			isa = PBXResourcesBuildPhase;
			buildActionMask = 2147483647;
			files = (
			);
			runOnlyForDeploymentPostprocessing = 0;
		};
		0458F57B28B0937D003F732A /* Resources */ = {
			isa = PBXResourcesBuildPhase;
			buildActionMask = 2147483647;
			files = (
			);
			runOnlyForDeploymentPostprocessing = 0;
		};
/* End PBXResourcesBuildPhase section */

/* Begin PBXSourcesBuildPhase section */
		0458F55F28B0937C003F732A /* Sources */ = {
			isa = PBXSourcesBuildPhase;
			buildActionMask = 2147483647;
			files = (
				0436C15528E7EC470052ECF4 /* CategoryRow.swift in Sources */,
				0492F61128F0ECA800F866AF /* Profile.swift in Sources */,
				0458F56928B0937C003F732A /* ContentView.swift in Sources */,
				0436C15228E7E54C0052ECF4 /* CategoryHome.swift in Sources */,
				0424EF4128BDB7C400268A92 /* HikeGraph.swift in Sources */,
				04A6136928BC8F1100C8A60B /* Badge.swift in Sources */,
				0458F59328B098D9003F732A /* MapView.swift in Sources */,
				0424EF4028BDB7C400268A92 /* GraphCapsule.swift in Sources */,
				0458F56728B0937C003F732A /* LandmarksApp.swift in Sources */,
				04A6135C28BBC1C500C8A60B /* FavoriteButton.swift in Sources */,
				0436C15728E7F53A0052ECF4 /* CategoryItem.swift in Sources */,
				0424EF4228BDB7C400268A92 /* HikeDetail.swift in Sources */,
				0492F61628F0F3BF00F866AF /* ProfileSummary.swift in Sources */,
				04A6136028BBC88300C8A60B /* HexagonParameters.swift in Sources */,
				0492F61428F0F04100F866AF /* ProfileHost.swift in Sources */,
				0424EF3A28BDB3F600268A92 /* Hike.swift in Sources */,
				04A6136728BC8E2400C8A60B /* RotatedBadgeSymbol.swift in Sources */,
				04A6136528BC5F6200C8A60B /* BadgeSymbol.swift in Sources */,
				0414DA5728B2BE540045D26A /* LandmarkList.swift in Sources */,
				0424EF4328BDB7C400268A92 /* HikeView.swift in Sources */,
				0458F59128B09614003F732A /* CircleImage.swift in Sources */,
				04A6136328BBCB4D00C8A60B /* BadgeBackground.swift in Sources */,
				0492F61828F140A200F866AF /* HikeBadge.swift in Sources */,
				0458F59728B0A8AB003F732A /* Landmark.swift in Sources */,
				0414DA5028B2B89F0045D26A /* LandmarkRow.swift in Sources */,
				0458F59928B0AC77003F732A /* ModelData.swift in Sources */,
				0414DA5928B2C02D0045D26A /* LandmarkDetail.swift in Sources */,
			);
			runOnlyForDeploymentPostprocessing = 0;
		};
		0458F56F28B0937D003F732A /* Sources */ = {
			isa = PBXSourcesBuildPhase;
			buildActionMask = 2147483647;
			files = (
				0458F57828B0937D003F732A /* LandmarksTests.swift in Sources */,
			);
			runOnlyForDeploymentPostprocessing = 0;
		};
		0458F57928B0937D003F732A /* Sources */ = {
			isa = PBXSourcesBuildPhase;
			buildActionMask = 2147483647;
			files = (
				0458F58428B0937D003F732A /* LandmarksUITestsLaunchTests.swift in Sources */,
				0458F58228B0937D003F732A /* LandmarksUITests.swift in Sources */,
			);
			runOnlyForDeploymentPostprocessing = 0;
		};
/* End PBXSourcesBuildPhase section */

/* Begin PBXTargetDependency section */
		0458F57528B0937D003F732A /* PBXTargetDependency */ = {
			isa = PBXTargetDependency;
			target = 0458F56228B0937C003F732A /* Landmarks */;
			targetProxy = 0458F57428B0937D003F732A /* PBXContainerItemProxy */;
		};
		0458F57F28B0937D003F732A /* PBXTargetDependency */ = {
			isa = PBXTargetDependency;
			target = 0458F56228B0937C003F732A /* Landmarks */;
			targetProxy = 0458F57E28B0937D003F732A /* PBXContainerItemProxy */;
		};
/* End PBXTargetDependency section */

/* Begin XCBuildConfiguration section */
		0458F58528B0937D003F732A /* Debug */ = {
			isa = XCBuildConfiguration;
			buildSettings = {
				ALWAYS_SEARCH_USER_PATHS = NO;
				CLANG_ANALYZER_NONNULL = YES;
				CLANG_ANALYZER_NUMBER_OBJECT_CONVERSION = YES_AGGRESSIVE;
				CLANG_CXX_LANGUAGE_STANDARD = "gnu++17";
				CLANG_ENABLE_MODULES = YES;
				CLANG_ENABLE_OBJC_ARC = YES;
				CLANG_ENABLE_OBJC_WEAK = YES;
				CLANG_WARN_BLOCK_CAPTURE_AUTORELEASING = YES;
				CLANG_WARN_BOOL_CONVERSION = YES;
				CLANG_WARN_COMMA = YES;
				CLANG_WARN_CONSTANT_CONVERSION = YES;
				CLANG_WARN_DEPRECATED_OBJC_IMPLEMENTATIONS = YES;
				CLANG_WARN_DIRECT_OBJC_ISA_USAGE = YES_ERROR;
				CLANG_WARN_DOCUMENTATION_COMMENTS = YES;
				CLANG_WARN_EMPTY_BODY = YES;
				CLANG_WARN_ENUM_CONVERSION = YES;
				CLANG_WARN_INFINITE_RECURSION = YES;
				CLANG_WARN_INT_CONVERSION = YES;
				CLANG_WARN_NON_LITERAL_NULL_CONVERSION = YES;
				CLANG_WARN_OBJC_IMPLICIT_RETAIN_SELF = YES;
				CLANG_WARN_OBJC_LITERAL_CONVERSION = YES;
				CLANG_WARN_OBJC_ROOT_CLASS = YES_ERROR;
				CLANG_WARN_QUOTED_INCLUDE_IN_FRAMEWORK_HEADER = YES;
				CLANG_WARN_RANGE_LOOP_ANALYSIS = YES;
				CLANG_WARN_STRICT_PROTOTYPES = YES;
				CLANG_WARN_SUSPICIOUS_MOVE = YES;
				CLANG_WARN_UNGUARDED_AVAILABILITY = YES_AGGRESSIVE;
				CLANG_WARN_UNREACHABLE_CODE = YES;
				CLANG_WARN__DUPLICATE_METHOD_MATCH = YES;
				COPY_PHASE_STRIP = NO;
				DEBUG_INFORMATION_FORMAT = dwarf;
				ENABLE_STRICT_OBJC_MSGSEND = YES;
				ENABLE_TESTABILITY = YES;
				GCC_C_LANGUAGE_STANDARD = gnu11;
				GCC_DYNAMIC_NO_PIC = NO;
				GCC_NO_COMMON_BLOCKS = YES;
				GCC_OPTIMIZATION_LEVEL = 0;
				GCC_PREPROCESSOR_DEFINITIONS = (
					"DEBUG=1",
					"$(inherited)",
				);
				GCC_WARN_64_TO_32_BIT_CONVERSION = YES;
				GCC_WARN_ABOUT_RETURN_TYPE = YES_ERROR;
				GCC_WARN_UNDECLARED_SELECTOR = YES;
				GCC_WARN_UNINITIALIZED_AUTOS = YES_AGGRESSIVE;
				GCC_WARN_UNUSED_FUNCTION = YES;
				GCC_WARN_UNUSED_VARIABLE = YES;
				IPHONEOS_DEPLOYMENT_TARGET = 15.4;
				MTL_ENABLE_DEBUG_INFO = INCLUDE_SOURCE;
				MTL_FAST_MATH = YES;
				ONLY_ACTIVE_ARCH = YES;
				SDKROOT = iphoneos;
				SWIFT_ACTIVE_COMPILATION_CONDITIONS = DEBUG;
				SWIFT_OPTIMIZATION_LEVEL = "-Onone";
			};
			name = Debug;
		};
		0458F58628B0937D003F732A /* Release */ = {
			isa = XCBuildConfiguration;
			buildSettings = {
				ALWAYS_SEARCH_USER_PATHS = NO;
				CLANG_ANALYZER_NONNULL = YES;
				CLANG_ANALYZER_NUMBER_OBJECT_CONVERSION = YES_AGGRESSIVE;
				CLANG_CXX_LANGUAGE_STANDARD = "gnu++17";
				CLANG_ENABLE_MODULES = YES;
				CLANG_ENABLE_OBJC_ARC = YES;
				CLANG_ENABLE_OBJC_WEAK = YES;
				CLANG_WARN_BLOCK_CAPTURE_AUTORELEASING = YES;
				CLANG_WARN_BOOL_CONVERSION = YES;
				CLANG_WARN_COMMA = YES;
				CLANG_WARN_CONSTANT_CONVERSION = YES;
				CLANG_WARN_DEPRECATED_OBJC_IMPLEMENTATIONS = YES;
				CLANG_WARN_DIRECT_OBJC_ISA_USAGE = YES_ERROR;
				CLANG_WARN_DOCUMENTATION_COMMENTS = YES;
				CLANG_WARN_EMPTY_BODY = YES;
				CLANG_WARN_ENUM_CONVERSION = YES;
				CLANG_WARN_INFINITE_RECURSION = YES;
				CLANG_WARN_INT_CONVERSION = YES;
				CLANG_WARN_NON_LITERAL_NULL_CONVERSION = YES;
				CLANG_WARN_OBJC_IMPLICIT_RETAIN_SELF = YES;
				CLANG_WARN_OBJC_LITERAL_CONVERSION = YES;
				CLANG_WARN_OBJC_ROOT_CLASS = YES_ERROR;
				CLANG_WARN_QUOTED_INCLUDE_IN_FRAMEWORK_HEADER = YES;
				CLANG_WARN_RANGE_LOOP_ANALYSIS = YES;
				CLANG_WARN_STRICT_PROTOTYPES = YES;
				CLANG_WARN_SUSPICIOUS_MOVE = YES;
				CLANG_WARN_UNGUARDED_AVAILABILITY = YES_AGGRESSIVE;
				CLANG_WARN_UNREACHABLE_CODE = YES;
				CLANG_WARN__DUPLICATE_METHOD_MATCH = YES;
				COPY_PHASE_STRIP = NO;
				DEBUG_INFORMATION_FORMAT = "dwarf-with-dsym";
				ENABLE_NS_ASSERTIONS = NO;
				ENABLE_STRICT_OBJC_MSGSEND = YES;
				GCC_C_LANGUAGE_STANDARD = gnu11;
				GCC_NO_COMMON_BLOCKS = YES;
				GCC_WARN_64_TO_32_BIT_CONVERSION = YES;
				GCC_WARN_ABOUT_RETURN_TYPE = YES_ERROR;
				GCC_WARN_UNDECLARED_SELECTOR = YES;
				GCC_WARN_UNINITIALIZED_AUTOS = YES_AGGRESSIVE;
				GCC_WARN_UNUSED_FUNCTION = YES;
				GCC_WARN_UNUSED_VARIABLE = YES;
				IPHONEOS_DEPLOYMENT_TARGET = 15.4;
				MTL_ENABLE_DEBUG_INFO = NO;
				MTL_FAST_MATH = YES;
				SDKROOT = iphoneos;
				SWIFT_COMPILATION_MODE = wholemodule;
				SWIFT_OPTIMIZATION_LEVEL = "-O";
				VALIDATE_PRODUCT = YES;
			};
			name = Release;
		};
		0458F58828B0937D003F732A /* Debug */ = {
			isa = XCBuildConfiguration;
			buildSettings = {
				ASSETCATALOG_COMPILER_APPICON_NAME = AppIcon;
				ASSETCATALOG_COMPILER_GLOBAL_ACCENT_COLOR_NAME = AccentColor;
				CODE_SIGN_STYLE = Automatic;
				CURRENT_PROJECT_VERSION = 1;
				DEVELOPMENT_ASSET_PATHS = "\"Landmarks/Preview Content\"";
				DEVELOPMENT_TEAM = K5563RV522;
				ENABLE_PREVIEWS = YES;
				GENERATE_INFOPLIST_FILE = YES;
				INFOPLIST_KEY_UIApplicationSceneManifest_Generation = YES;
				INFOPLIST_KEY_UIApplicationSupportsIndirectInputEvents = YES;
				INFOPLIST_KEY_UILaunchScreen_Generation = YES;
				INFOPLIST_KEY_UISupportedInterfaceOrientations_iPad = "UIInterfaceOrientationPortrait UIInterfaceOrientationPortraitUpsideDown UIInterfaceOrientationLandscapeLeft UIInterfaceOrientationLandscapeRight";
				INFOPLIST_KEY_UISupportedInterfaceOrientations_iPhone = "UIInterfaceOrientationPortrait UIInterfaceOrientationLandscapeLeft UIInterfaceOrientationLandscapeRight";
				IPHONEOS_DEPLOYMENT_TARGET = 15.4;
				LD_RUNPATH_SEARCH_PATHS = (
					"$(inherited)",
					"@executable_path/Frameworks",
				);
				MARKETING_VERSION = 1.0;
				PRODUCT_BUNDLE_IDENTIFIER = com.balloonio.Landmarks;
				PRODUCT_NAME = "$(TARGET_NAME)";
				SWIFT_EMIT_LOC_STRINGS = YES;
				SWIFT_VERSION = 5.0;
				TARGETED_DEVICE_FAMILY = "1,2";
			};
			name = Debug;
		};
		0458F58928B0937D003F732A /* Release */ = {
			isa = XCBuildConfiguration;
			buildSettings = {
				ASSETCATALOG_COMPILER_APPICON_NAME = AppIcon;
				ASSETCATALOG_COMPILER_GLOBAL_ACCENT_COLOR_NAME = AccentColor;
				CODE_SIGN_STYLE = Automatic;
				CURRENT_PROJECT_VERSION = 1;
				DEVELOPMENT_ASSET_PATHS = "\"Landmarks/Preview Content\"";
				DEVELOPMENT_TEAM = K5563RV522;
				ENABLE_PREVIEWS = YES;
				GENERATE_INFOPLIST_FILE = YES;
				INFOPLIST_KEY_UIApplicationSceneManifest_Generation = YES;
				INFOPLIST_KEY_UIApplicationSupportsIndirectInputEvents = YES;
				INFOPLIST_KEY_UILaunchScreen_Generation = YES;
				INFOPLIST_KEY_UISupportedInterfaceOrientations_iPad = "UIInterfaceOrientationPortrait UIInterfaceOrientationPortraitUpsideDown UIInterfaceOrientationLandscapeLeft UIInterfaceOrientationLandscapeRight";
				INFOPLIST_KEY_UISupportedInterfaceOrientations_iPhone = "UIInterfaceOrientationPortrait UIInterfaceOrientationLandscapeLeft UIInterfaceOrientationLandscapeRight";
				IPHONEOS_DEPLOYMENT_TARGET = 15.4;
				LD_RUNPATH_SEARCH_PATHS = (
					"$(inherited)",
					"@executable_path/Frameworks",
				);
				MARKETING_VERSION = 1.0;
				PRODUCT_BUNDLE_IDENTIFIER = com.balloonio.Landmarks;
				PRODUCT_NAME = "$(TARGET_NAME)";
				SWIFT_EMIT_LOC_STRINGS = YES;
				SWIFT_VERSION = 5.0;
				TARGETED_DEVICE_FAMILY = "1,2";
			};
			name = Release;
		};
		0458F58B28B0937D003F732A /* Debug */ = {
			isa = XCBuildConfiguration;
			buildSettings = {
				ALWAYS_EMBED_SWIFT_STANDARD_LIBRARIES = YES;
				BUNDLE_LOADER = "$(TEST_HOST)";
				CODE_SIGN_STYLE = Automatic;
				CURRENT_PROJECT_VERSION = 1;
				DEVELOPMENT_TEAM = K5563RV522;
				GENERATE_INFOPLIST_FILE = YES;
				IPHONEOS_DEPLOYMENT_TARGET = 15.4;
				MARKETING_VERSION = 1.0;
				PRODUCT_BUNDLE_IDENTIFIER = com.balloonio.LandmarksTests;
				PRODUCT_NAME = "$(TARGET_NAME)";
				SWIFT_EMIT_LOC_STRINGS = NO;
				SWIFT_VERSION = 5.0;
				TARGETED_DEVICE_FAMILY = "1,2";
				TEST_HOST = "$(BUILT_PRODUCTS_DIR)/Landmarks.app/Landmarks";
			};
			name = Debug;
		};
		0458F58C28B0937D003F732A /* Release */ = {
			isa = XCBuildConfiguration;
			buildSettings = {
				ALWAYS_EMBED_SWIFT_STANDARD_LIBRARIES = YES;
				BUNDLE_LOADER = "$(TEST_HOST)";
				CODE_SIGN_STYLE = Automatic;
				CURRENT_PROJECT_VERSION = 1;
				DEVELOPMENT_TEAM = K5563RV522;
				GENERATE_INFOPLIST_FILE = YES;
				IPHONEOS_DEPLOYMENT_TARGET = 15.4;
				MARKETING_VERSION = 1.0;
				PRODUCT_BUNDLE_IDENTIFIER = com.balloonio.LandmarksTests;
				PRODUCT_NAME = "$(TARGET_NAME)";
				SWIFT_EMIT_LOC_STRINGS = NO;
				SWIFT_VERSION = 5.0;
				TARGETED_DEVICE_FAMILY = "1,2";
				TEST_HOST = "$(BUILT_PRODUCTS_DIR)/Landmarks.app/Landmarks";
			};
			name = Release;
		};
		0458F58E28B0937D003F732A /* Debug */ = {
			isa = XCBuildConfiguration;
			buildSettings = {
				ALWAYS_EMBED_SWIFT_STANDARD_LIBRARIES = YES;
				CODE_SIGN_STYLE = Automatic;
				CURRENT_PROJECT_VERSION = 1;
				DEVELOPMENT_TEAM = K5563RV522;
				GENERATE_INFOPLIST_FILE = YES;
				MARKETING_VERSION = 1.0;
				PRODUCT_BUNDLE_IDENTIFIER = com.balloonio.LandmarksUITests;
				PRODUCT_NAME = "$(TARGET_NAME)";
				SWIFT_EMIT_LOC_STRINGS = NO;
				SWIFT_VERSION = 5.0;
				TARGETED_DEVICE_FAMILY = "1,2";
				TEST_TARGET_NAME = Landmarks;
			};
			name = Debug;
		};
		0458F58F28B0937D003F732A /* Release */ = {
			isa = XCBuildConfiguration;
			buildSettings = {
				ALWAYS_EMBED_SWIFT_STANDARD_LIBRARIES = YES;
				CODE_SIGN_STYLE = Automatic;
				CURRENT_PROJECT_VERSION = 1;
				DEVELOPMENT_TEAM = K5563RV522;
				GENERATE_INFOPLIST_FILE = YES;
				MARKETING_VERSION = 1.0;
				PRODUCT_BUNDLE_IDENTIFIER = com.balloonio.LandmarksUITests;
				PRODUCT_NAME = "$(TARGET_NAME)";
				SWIFT_EMIT_LOC_STRINGS = NO;
				SWIFT_VERSION = 5.0;
				TARGETED_DEVICE_FAMILY = "1,2";
				TEST_TARGET_NAME = Landmarks;
			};
			name = Release;
		};
/* End XCBuildConfiguration section */

/* Begin XCConfigurationList section */
		0458F55E28B0937C003F732A /* Build configuration list for PBXProject "Landmarks" */ = {
			isa = XCConfigurationList;
			buildConfigurations = (
				0458F58528B0937D003F732A /* Debug */,
				0458F58628B0937D003F732A /* Release */,
			);
			defaultConfigurationIsVisible = 0;
			defaultConfigurationName = Release;
		};
		0458F58728B0937D003F732A /* Build configuration list for PBXNativeTarget "Landmarks" */ = {
			isa = XCConfigurationList;
			buildConfigurations = (
				0458F58828B0937D003F732A /* Debug */,
				0458F58928B0937D003F732A /* Release */,
			);
			defaultConfigurationIsVisible = 0;
			defaultConfigurationName = Release;
		};
		0458F58A28B0937D003F732A /* Build configuration list for PBXNativeTarget "LandmarksTests" */ = {
			isa = XCConfigurationList;
			buildConfigurations = (
				0458F58B28B0937D003F732A /* Debug */,
				0458F58C28B0937D003F732A /* Release */,
			);
			defaultConfigurationIsVisible = 0;
			defaultConfigurationName = Release;
		};
		0458F58D28B0937D003F732A /* Build configuration list for PBXNativeTarget "LandmarksUITests" */ = {
			isa = XCConfigurationList;
			buildConfigurations = (
				0458F58E28B0937D003F732A /* Debug */,
				0458F58F28B0937D003F732A /* Release */,
			);
			defaultConfigurationIsVisible = 0;
			defaultConfigurationName = Release;
		};
/* End XCConfigurationList section */
	};
	rootObject = 0458F55B28B0937C003F732A /* Project object */;
}
